<?xml version="1.0" encoding="utf-8"?>
<Project ToolsVersion="16.0" xmlns="http://schemas.microsoft.com/developer/msbuild/2003">
  <ItemGroup>
    <CustomBuild Include="E:\OpenGLProj\GLUS-master\GLUS\CMakeFiles\b484a44f87b94c4031b70fef203fb30b\generate.stamp.rule">
      <Filter>CMake Rules</Filter>
    </CustomBuild>
  </ItemGroup>
  <ItemGroup>
    <Filter Include="CMake Rules">
      <UniqueIdentifier>{F3D71B05-192C-36CC-9701-C39F6441DED2}</UniqueIdentifier>
    </Filter>
  </ItemGroup>
</Project>
